{
  "nodes": {
    "agenix": {
      "inputs": {
        "darwin": "darwin",
        "home-manager": "home-manager",
        "nixpkgs": [
          "nixpkgs"
        ]
      },
      "locked": {
        "lastModified": 1695384796,
        "narHash": "sha256-TYlE4B0ktPtlJJF9IFxTWrEeq+XKG8Ny0gc2FGEAdj0=",
        "owner": "ryantm",
        "repo": "agenix",
        "rev": "1f677b3e161d3bdbfd08a939e8f25de2568e0ef4",
        "type": "github"
      },
      "original": {
        "owner": "ryantm",
        "repo": "agenix",
        "type": "github"
      }
    },
    "darwin": {
      "inputs": {
        "nixpkgs": [
          "agenix",
          "nixpkgs"
        ]
      },
      "locked": {
        "lastModified": 1673295039,
        "narHash": "sha256-AsdYgE8/GPwcelGgrntlijMg4t3hLFJFCRF3tL5WVjA=",
        "owner": "lnl7",
        "repo": "nix-darwin",
        "rev": "87b9d090ad39b25b2400029c64825fc2a8868943",
        "type": "github"
      },
      "original": {
        "owner": "lnl7",
        "ref": "master",
        "repo": "nix-darwin",
        "type": "github"
      }
    },
    "emacs-overlay": {
      "inputs": {
        "flake-utils": "flake-utils",
        "nixpkgs": [
          "nixpkgs"
        ],
        "nixpkgs-stable": "nixpkgs-stable"
      },
      "locked": {
        "lastModified": 1696155289,
        "narHash": "sha256-zu3ezMdLQBOwx9Aq6ZBQWjoOVOEXG5fXMcQMOwuoTPY=",
        "owner": "nix-community",
        "repo": "emacs-overlay",
        "rev": "5f14ec7a4977810a06f8eacb0169374fb4e282e9",
        "type": "github"
      },
      "original": {
        "owner": "nix-community",
        "repo": "emacs-overlay",
        "type": "github"
      }
    },
    "flake-parts": {
      "inputs": {
        "nixpkgs-lib": "nixpkgs-lib"
      },
      "locked": {
        "lastModified": 1693611461,
        "narHash": "sha256-aPODl8vAgGQ0ZYFIRisxYG5MOGSkIczvu2Cd8Gb9+1Y=",
        "owner": "hercules-ci",
        "repo": "flake-parts",
        "rev": "7f53fdb7bdc5bb237da7fefef12d099e4fd611ca",
        "type": "github"
      },
      "original": {
        "owner": "hercules-ci",
        "repo": "flake-parts",
        "type": "github"
      }
    },
    "flake-utils": {
      "inputs": {
        "systems": "systems"
      },
      "locked": {
        "lastModified": 1694529238,
        "narHash": "sha256-zsNZZGTGnMOf9YpHKJqMSsa0dXbfmxeoJ7xHlrt+xmY=",
        "owner": "numtide",
        "repo": "flake-utils",
        "rev": "ff7b65b44d01cf9ba6a71320833626af21126384",
        "type": "github"
      },
      "original": {
        "owner": "numtide",
        "repo": "flake-utils",
        "type": "github"
      }
    },
    "home-manager": {
      "inputs": {
        "nixpkgs": [
          "agenix",
          "nixpkgs"
        ]
      },
      "locked": {
        "lastModified": 1682203081,
        "narHash": "sha256-kRL4ejWDhi0zph/FpebFYhzqlOBrk0Pl3dzGEKSAlEw=",
        "owner": "nix-community",
        "repo": "home-manager",
        "rev": "32d3e39c491e2f91152c84f8ad8b003420eab0a1",
        "type": "github"
      },
      "original": {
        "owner": "nix-community",
        "repo": "home-manager",
        "type": "github"
      }
    },
    "home-manager_2": {
      "inputs": {
        "nixpkgs": [
          "nixpkgs"
        ]
      },
      "locked": {
        "lastModified": 1696145345,
        "narHash": "sha256-3dM7I/d4751SLPJah0to1WBlWiyzIiuCEUwJqwBdmr4=",
        "owner": "nix-community",
        "repo": "home-manager",
        "rev": "6f9b5b83ad1f470b3d11b8a9fe1d5ef68c7d0e30",
        "type": "github"
      },
      "original": {
        "owner": "nix-community",
        "repo": "home-manager",
        "type": "github"
      }
    },
    "hyprland-contrib": {
      "inputs": {
        "nixpkgs": [
          "nixpkgs"
        ]
      },
      "locked": {
        "lastModified": 1695455081,
        "narHash": "sha256-AtAMze2J5Maol28OLQoCFgppRWEy06Mn9RhduXNmhiI=",
        "owner": "hyprwm",
        "repo": "contrib",
        "rev": "33663f663e07b4ca52c9165f74e3d793f08b15e7",
        "type": "github"
      },
      "original": {
        "owner": "hyprwm",
        "repo": "contrib",
        "type": "github"
      }
    },
    "nh": {
      "inputs": {
        "flake-parts": "flake-parts",
        "nix-filter": "nix-filter",
        "nixpkgs": [
          "nixpkgs"
        ]
      },
      "locked": {
        "lastModified": 1696149398,
        "narHash": "sha256-RwlAyww4bzeu2ndeQoScelYtlYiSxPdCn70R+xGdZBc=",
        "owner": "viperML",
        "repo": "nh",
        "rev": "2985f5a45d6f3e1a9d8d3ca5c777ef1bc9c7fbd1",
        "type": "github"
      },
      "original": {
        "owner": "viperML",
        "repo": "nh",
        "type": "github"
      }
    },
    "nix-filter": {
      "locked": {
        "lastModified": 1694857738,
        "narHash": "sha256-bxxNyLHjhu0N8T3REINXQ2ZkJco0ABFPn6PIe2QUfqo=",
        "owner": "numtide",
        "repo": "nix-filter",
        "rev": "41fd48e00c22b4ced525af521ead8792402de0ea",
        "type": "github"
      },
      "original": {
        "owner": "numtide",
        "repo": "nix-filter",
        "type": "github"
      }
    },
    "nixos-hardware": {
      "locked": {
        "lastModified": 1696161939,
        "narHash": "sha256-HI1DxS//s46/qv9dcW06TzXaBjxL2DVTQP8R1QsnHzM=",
        "owner": "nixos",
        "repo": "nixos-hardware",
        "rev": "0ab3ee718e964fb42dc57ace6170f19cb0b66532",
        "type": "github"
      },
      "original": {
        "owner": "nixos",
        "ref": "master",
        "repo": "nixos-hardware",
        "type": "github"
      }
    },
    "nixpkgs": {
      "locked": {
        "lastModified": 1696019113,
        "narHash": "sha256-X3+DKYWJm93DRSdC5M6K5hLqzSya9BjibtBsuARoPco=",
        "owner": "nixos",
        "repo": "nixpkgs",
        "rev": "f5892ddac112a1e9b3612c39af1b72987ee5783a",
        "type": "github"
      },
      "original": {
        "owner": "nixos",
        "ref": "nixos-unstable",
        "repo": "nixpkgs",
        "type": "github"
      }
    },
    "nixpkgs-lib": {
      "locked": {
        "dir": "lib",
        "lastModified": 1693471703,
        "narHash": "sha256-0l03ZBL8P1P6z8MaSDS/MvuU8E75rVxe5eE1N6gxeTo=",
        "owner": "NixOS",
        "repo": "nixpkgs",
        "rev": "3e52e76b70d5508f3cec70b882a29199f4d1ee85",
        "type": "github"
      },
      "original": {
        "dir": "lib",
        "owner": "NixOS",
        "ref": "nixos-unstable",
        "repo": "nixpkgs",
        "type": "github"
      }
    },
    "nixpkgs-stable": {
      "locked": {
        "lastModified": 1695825837,
        "narHash": "sha256-4Ne11kNRnQsmSJCRSSNkFRSnHC4Y5gPDBIQGjjPfJiU=",
        "owner": "NixOS",
        "repo": "nixpkgs",
        "rev": "5cfafa12d57374f48bcc36fda3274ada276cf69e",
        "type": "github"
      },
      "original": {
        "owner": "NixOS",
        "ref": "nixos-23.05",
        "repo": "nixpkgs",
        "type": "github"
      }
    },
    "nixpkgs2211": {
      "locked": {
        "lastModified": 1688392541,
        "narHash": "sha256-lHrKvEkCPTUO+7tPfjIcb7Trk6k31rz18vkyqmkeJfY=",
        "owner": "nixos",
        "repo": "nixpkgs",
        "rev": "ea4c80b39be4c09702b0cb3b42eab59e2ba4f24b",
        "type": "github"
      },
      "original": {
        "owner": "nixos",
        "ref": "nixos-22.11",
        "repo": "nixpkgs",
        "type": "github"
      }
    },
    "root": {
      "inputs": {
        "agenix": "agenix",
        "emacs-overlay": "emacs-overlay",
        "home-manager": "home-manager_2",
        "hyprland-contrib": "hyprland-contrib",
        "nh": "nh",
        "nixos-hardware": "nixos-hardware",
        "nixpkgs": "nixpkgs",
        "nixpkgs2211": "nixpkgs2211"
      }
    },
    "systems": {
      "locked": {
        "lastModified": 1681028828,
        "narHash": "sha256-Vy1rq5AaRuLzOxct8nz4T6wlgyUR7zLU309k9mBC768=",
        "owner": "nix-systems",
        "repo": "default",
        "rev": "da67096a3b9bf56a91d16901293e51ba5b49a27e",
        "type": "github"
      },
      "original": {
        "owner": "nix-systems",
        "repo": "default",
        "type": "github"
      }
    }
  },
  "root": "root",
  "version": 7
}
